// !$*UTF8*$!
{
	archiveVersion = 1;
	classes = {
	};
	objectVersion = 55;
	objects = {

/* Begin PBXBuildFile section */
		B1C69D79288DA9CE002896BB /* HTMath.docc in Sources */ = {isa = PBXBuildFile; fileRef = B1C69D78288DA9CE002896BB /* HTMath.docc */; };
		B1C69D7F288DA9CF002896BB /* HTMath.framework in Frameworks */ = {isa = PBXBuildFile; fileRef = B1C69D75288DA9CE002896BB /* HTMath.framework */; };
		B1C69D84288DA9CF002896BB /* HTMBasalMetabilicRateTests.swift in Sources */ = {isa = PBXBuildFile; fileRef = B1C69D83288DA9CF002896BB /* HTMBasalMetabilicRateTests.swift */; };
		B1C69D8D288DB8C0002896BB /* HTMBasalMetabilicRate.swift in Sources */ = {isa = PBXBuildFile; fileRef = B1C69D8C288DB8C0002896BB /* HTMBasalMetabilicRate.swift */; };
		B1C69D8F288DB8D1002896BB /* HTMBasalMetabilicRateModel.swift in Sources */ = {isa = PBXBuildFile; fileRef = B1C69D8E288DB8D1002896BB /* HTMBasalMetabilicRateModel.swift */; };
		B1C69D91288DB8FC002896BB /* HTGender.swift in Sources */ = {isa = PBXBuildFile; fileRef = B1C69D90288DB8FC002896BB /* HTGender.swift */; };
		B1C69D95288DC066002896BB /* HTMDailySpendTests.swift in Sources */ = {isa = PBXBuildFile; fileRef = B1C69D94288DC066002896BB /* HTMDailySpendTests.swift */; };
		B1C69D97288DC8DE002896BB /* HTMPeopleModel.swift in Sources */ = {isa = PBXBuildFile; fileRef = B1C69D96288DC8DE002896BB /* HTMPeopleModel.swift */; };
		B1C69D9E288DCD28002896BB /* HTMDailySpend.swift in Sources */ = {isa = PBXBuildFile; fileRef = B1C69D9D288DCD28002896BB /* HTMDailySpend.swift */; };
		B1C69DA0288DCD39002896BB /* HTMDailySpendModel.swift in Sources */ = {isa = PBXBuildFile; fileRef = B1C69D9F288DCD39002896BB /* HTMDailySpendModel.swift */; };
		B1C69DA2288DCD46002896BB /* HTActivity.swift in Sources */ = {isa = PBXBuildFile; fileRef = B1C69DA1288DCD46002896BB /* HTActivity.swift */; };
		B1C69DA5288DCD9D002896BB /* HTMBasalMetabilicRateSpy.swift in Sources */ = {isa = PBXBuildFile; fileRef = B1C69DA4288DCD9D002896BB /* HTMBasalMetabilicRateSpy.swift */; };
		B1C69DA7288DCDB6002896BB /* HTMBasalMetabilicRateStub.swift in Sources */ = {isa = PBXBuildFile; fileRef = B1C69DA6288DCDB6002896BB /* HTMBasalMetabilicRateStub.swift */; };
		B1C69DA9288DE149002896BB /* HTMBodyMassIndexTests.swift in Sources */ = {isa = PBXBuildFile; fileRef = B1C69DA8288DE149002896BB /* HTMBodyMassIndexTests.swift */; };
		B1C69DAB288DF15E002896BB /* HTMBMIStage.swift in Sources */ = {isa = PBXBuildFile; fileRef = B1C69DAA288DF15E002896BB /* HTMBMIStage.swift */; };
		B1C69DAD288DF170002896BB /* HTMBodyMassIndex.swift in Sources */ = {isa = PBXBuildFile; fileRef = B1C69DAC288DF170002896BB /* HTMBodyMassIndex.swift */; };
/* End PBXBuildFile section */

/* Begin PBXContainerItemProxy section */
		B1C69D80288DA9CF002896BB /* PBXContainerItemProxy */ = {
			isa = PBXContainerItemProxy;
			containerPortal = B1C69D36288D8DCC002896BB /* Project object */;
			proxyType = 1;
			remoteGlobalIDString = B1C69D74288DA9CE002896BB;
			remoteInfo = HTMath;
		};
/* End PBXContainerItemProxy section */

/* Begin PBXFileReference section */
		B1C69D75288DA9CE002896BB /* HTMath.framework */ = {isa = PBXFileReference; explicitFileType = wrapper.framework; includeInIndex = 0; path = HTMath.framework; sourceTree = BUILT_PRODUCTS_DIR; };
		B1C69D78288DA9CE002896BB /* HTMath.docc */ = {isa = PBXFileReference; lastKnownFileType = folder.documentationcatalog; path = HTMath.docc; sourceTree = "<group>"; };
		B1C69D7E288DA9CF002896BB /* HTMathTests.xctest */ = {isa = PBXFileReference; explicitFileType = wrapper.cfbundle; includeInIndex = 0; path = HTMathTests.xctest; sourceTree = BUILT_PRODUCTS_DIR; };
		B1C69D83288DA9CF002896BB /* HTMBasalMetabilicRateTests.swift */ = {isa = PBXFileReference; lastKnownFileType = sourcecode.swift; path = HTMBasalMetabilicRateTests.swift; sourceTree = "<group>"; };
		B1C69D8C288DB8C0002896BB /* HTMBasalMetabilicRate.swift */ = {isa = PBXFileReference; lastKnownFileType = sourcecode.swift; path = HTMBasalMetabilicRate.swift; sourceTree = "<group>"; };
		B1C69D8E288DB8D1002896BB /* HTMBasalMetabilicRateModel.swift */ = {isa = PBXFileReference; lastKnownFileType = sourcecode.swift; path = HTMBasalMetabilicRateModel.swift; sourceTree = "<group>"; };
		B1C69D90288DB8FC002896BB /* HTGender.swift */ = {isa = PBXFileReference; lastKnownFileType = sourcecode.swift; path = HTGender.swift; sourceTree = "<group>"; };
		B1C69D94288DC066002896BB /* HTMDailySpendTests.swift */ = {isa = PBXFileReference; lastKnownFileType = sourcecode.swift; path = HTMDailySpendTests.swift; sourceTree = "<group>"; };
		B1C69D96288DC8DE002896BB /* HTMPeopleModel.swift */ = {isa = PBXFileReference; lastKnownFileType = sourcecode.swift; path = HTMPeopleModel.swift; sourceTree = "<group>"; };
		B1C69D9D288DCD28002896BB /* HTMDailySpend.swift */ = {isa = PBXFileReference; lastKnownFileType = sourcecode.swift; path = HTMDailySpend.swift; sourceTree = "<group>"; };
		B1C69D9F288DCD39002896BB /* HTMDailySpendModel.swift */ = {isa = PBXFileReference; lastKnownFileType = sourcecode.swift; path = HTMDailySpendModel.swift; sourceTree = "<group>"; };
		B1C69DA1288DCD46002896BB /* HTActivity.swift */ = {isa = PBXFileReference; lastKnownFileType = sourcecode.swift; path = HTActivity.swift; sourceTree = "<group>"; };
		B1C69DA4288DCD9D002896BB /* HTMBasalMetabilicRateSpy.swift */ = {isa = PBXFileReference; lastKnownFileType = sourcecode.swift; path = HTMBasalMetabilicRateSpy.swift; sourceTree = "<group>"; };
		B1C69DA6288DCDB6002896BB /* HTMBasalMetabilicRateStub.swift */ = {isa = PBXFileReference; lastKnownFileType = sourcecode.swift; path = HTMBasalMetabilicRateStub.swift; sourceTree = "<group>"; };
		B1C69DA8288DE149002896BB /* HTMBodyMassIndexTests.swift */ = {isa = PBXFileReference; lastKnownFileType = sourcecode.swift; path = HTMBodyMassIndexTests.swift; sourceTree = "<group>"; };
		B1C69DAA288DF15E002896BB /* HTMBMIStage.swift */ = {isa = PBXFileReference; lastKnownFileType = sourcecode.swift; path = HTMBMIStage.swift; sourceTree = "<group>"; };
		B1C69DAC288DF170002896BB /* HTMBodyMassIndex.swift */ = {isa = PBXFileReference; lastKnownFileType = sourcecode.swift; path = HTMBodyMassIndex.swift; sourceTree = "<group>"; };
/* End PBXFileReference section */

/* Begin PBXFrameworksBuildPhase section */
		B1C69D72288DA9CE002896BB /* Frameworks */ = {
			isa = PBXFrameworksBuildPhase;
			buildActionMask = 2147483647;
			files = (
			);
			runOnlyForDeploymentPostprocessing = 0;
		};
		B1C69D7B288DA9CF002896BB /* Frameworks */ = {
			isa = PBXFrameworksBuildPhase;
			buildActionMask = 2147483647;
			files = (
				B1C69D7F288DA9CF002896BB /* HTMath.framework in Frameworks */,
			);
			runOnlyForDeploymentPostprocessing = 0;
		};
/* End PBXFrameworksBuildPhase section */

/* Begin PBXGroup section */
		B1C69D35288D8DCC002896BB = {
			isa = PBXGroup;
			children = (
				B1C69D76288DA9CE002896BB /* HTMath */,
				B1C69D82288DA9CF002896BB /* HTMathTests */,
				B1C69D3F288D8DCC002896BB /* Products */,
			);
			sourceTree = "<group>";
		};
		B1C69D3F288D8DCC002896BB /* Products */ = {
			isa = PBXGroup;
			children = (
				B1C69D75288DA9CE002896BB /* HTMath.framework */,
				B1C69D7E288DA9CF002896BB /* HTMathTests.xctest */,
			);
			name = Products;
			sourceTree = "<group>";
		};
		B1C69D76288DA9CE002896BB /* HTMath */ = {
			isa = PBXGroup;
			children = (
				B1C69D9C288DCD13002896BB /* Features */,
				B1C69D78288DA9CE002896BB /* HTMath.docc */,
			);
			path = HTMath;
			sourceTree = "<group>";
		};
		B1C69D82288DA9CF002896BB /* HTMathTests */ = {
			isa = PBXGroup;
			children = (
				B1C69D99288DCCF9002896BB /* Feature */,
				B1C69D98288DCCF4002896BB /* TestDoubles */,
			);
			path = HTMathTests;
			sourceTree = "<group>";
		};
		B1C69D92288DB901002896BB /* Model */ = {
			isa = PBXGroup;
			children = (
				B1C69D8E288DB8D1002896BB /* HTMBasalMetabilicRateModel.swift */,
				B1C69D90288DB8FC002896BB /* HTGender.swift */,
				B1C69D96288DC8DE002896BB /* HTMPeopleModel.swift */,
				B1C69D9F288DCD39002896BB /* HTMDailySpendModel.swift */,
				B1C69DA1288DCD46002896BB /* HTActivity.swift */,
				B1C69DAA288DF15E002896BB /* HTMBMIStage.swift */,
			);
			path = Model;
			sourceTree = "<group>";
		};
		B1C69D93288DB915002896BB /* Classes */ = {
			isa = PBXGroup;
			children = (
				B1C69D8C288DB8C0002896BB /* HTMBasalMetabilicRate.swift */,
				B1C69D9D288DCD28002896BB /* HTMDailySpend.swift */,
				B1C69DAC288DF170002896BB /* HTMBodyMassIndex.swift */,
			);
			path = Classes;
			sourceTree = "<group>";
		};
		B1C69D98288DCCF4002896BB /* TestDoubles */ = {
			isa = PBXGroup;
			children = (
				B1C69DA3288DCD97002896BB /* HTMBasalMetabilicRate */,
			);
			path = TestDoubles;
			sourceTree = "<group>";
		};
		B1C69D99288DCCF9002896BB /* Feature */ = {
			isa = PBXGroup;
			children = (
				B1C69D9A288DCCFE002896BB /* Classes */,
			);
			path = Feature;
			sourceTree = "<group>";
		};
		B1C69D9A288DCCFE002896BB /* Classes */ = {
			isa = PBXGroup;
			children = (
				B1C69D83288DA9CF002896BB /* HTMBasalMetabilicRateTests.swift */,
				B1C69D94288DC066002896BB /* HTMDailySpendTests.swift */,
				B1C69DA8288DE149002896BB /* HTMBodyMassIndexTests.swift */,
			);
			path = Classes;
			sourceTree = "<group>";
		};
		B1C69D9C288DCD13002896BB /* Features */ = {
			isa = PBXGroup;
			children = (
				B1C69D93288DB915002896BB /* Classes */,
				B1C69D92288DB901002896BB /* Model */,
			);
			path = Features;
			sourceTree = "<group>";
		};
		B1C69DA3288DCD97002896BB /* HTMBasalMetabilicRate */ = {
			isa = PBXGroup;
			children = (
				B1C69DA4288DCD9D002896BB /* HTMBasalMetabilicRateSpy.swift */,
				B1C69DA6288DCDB6002896BB /* HTMBasalMetabilicRateStub.swift */,
			);
			path = HTMBasalMetabilicRate;
			sourceTree = "<group>";
		};
/* End PBXGroup section */

/* Begin PBXHeadersBuildPhase section */
		B1C69D70288DA9CE002896BB /* Headers */ = {
			isa = PBXHeadersBuildPhase;
			buildActionMask = 2147483647;
			files = (
			);
			runOnlyForDeploymentPostprocessing = 0;
		};
/* End PBXHeadersBuildPhase section */

/* Begin PBXNativeTarget section */
		B1C69D74288DA9CE002896BB /* HTMath */ = {
			isa = PBXNativeTarget;
			buildConfigurationList = B1C69D86288DA9CF002896BB /* Build configuration list for PBXNativeTarget "HTMath" */;
			buildPhases = (
				B1C69D70288DA9CE002896BB /* Headers */,
				B1C69D71288DA9CE002896BB /* Sources */,
				B1C69D72288DA9CE002896BB /* Frameworks */,
				B1C69D73288DA9CE002896BB /* Resources */,
			);
			buildRules = (
			);
			dependencies = (
			);
			name = HTMath;
			productName = HTMath;
			productReference = B1C69D75288DA9CE002896BB /* HTMath.framework */;
			productType = "com.apple.product-type.framework";
		};
		B1C69D7D288DA9CF002896BB /* HTMathTests */ = {
			isa = PBXNativeTarget;
			buildConfigurationList = B1C69D89288DA9CF002896BB /* Build configuration list for PBXNativeTarget "HTMathTests" */;
			buildPhases = (
				B1C69D7A288DA9CF002896BB /* Sources */,
				B1C69D7B288DA9CF002896BB /* Frameworks */,
				B1C69D7C288DA9CF002896BB /* Resources */,
			);
			buildRules = (
			);
			dependencies = (
				B1C69D81288DA9CF002896BB /* PBXTargetDependency */,
			);
			name = HTMathTests;
			productName = HTMathTests;
			productReference = B1C69D7E288DA9CF002896BB /* HTMathTests.xctest */;
			productType = "com.apple.product-type.bundle.unit-test";
		};
/* End PBXNativeTarget section */

/* Begin PBXProject section */
		B1C69D36288D8DCC002896BB /* Project object */ = {
			isa = PBXProject;
			attributes = {
				BuildIndependentTargetsInParallel = 1;
				LastSwiftUpdateCheck = 1330;
				LastUpgradeCheck = 1330;
				TargetAttributes = {
					B1C69D74288DA9CE002896BB = {
						CreatedOnToolsVersion = 13.3.1;
					};
					B1C69D7D288DA9CF002896BB = {
						CreatedOnToolsVersion = 13.3.1;
					};
				};
			};
			buildConfigurationList = B1C69D39288D8DCC002896BB /* Build configuration list for PBXProject "health-tracker" */;
			compatibilityVersion = "Xcode 13.0";
			developmentRegion = en;
			hasScannedForEncodings = 0;
			knownRegions = (
				en,
				Base,
			);
			mainGroup = B1C69D35288D8DCC002896BB;
			productRefGroup = B1C69D3F288D8DCC002896BB /* Products */;
			projectDirPath = "";
			projectRoot = "";
			targets = (
				B1C69D74288DA9CE002896BB /* HTMath */,
				B1C69D7D288DA9CF002896BB /* HTMathTests */,
			);
		};
/* End PBXProject section */

/* Begin PBXResourcesBuildPhase section */
		B1C69D73288DA9CE002896BB /* Resources */ = {
			isa = PBXResourcesBuildPhase;
			buildActionMask = 2147483647;
			files = (
			);
			runOnlyForDeploymentPostprocessing = 0;
		};
		B1C69D7C288DA9CF002896BB /* Resources */ = {
			isa = PBXResourcesBuildPhase;
			buildActionMask = 2147483647;
			files = (
			);
			runOnlyForDeploymentPostprocessing = 0;
		};
/* End PBXResourcesBuildPhase section */

/* Begin PBXSourcesBuildPhase section */
		B1C69D71288DA9CE002896BB /* Sources */ = {
			isa = PBXSourcesBuildPhase;
			buildActionMask = 2147483647;
			files = (
				B1C69D91288DB8FC002896BB /* HTGender.swift in Sources */,
				B1C69D8D288DB8C0002896BB /* HTMBasalMetabilicRate.swift in Sources */,
				B1C69D9E288DCD28002896BB /* HTMDailySpend.swift in Sources */,
				B1C69D97288DC8DE002896BB /* HTMPeopleModel.swift in Sources */,
				B1C69DA2288DCD46002896BB /* HTActivity.swift in Sources */,
				B1C69DA0288DCD39002896BB /* HTMDailySpendModel.swift in Sources */,
				B1C69DAD288DF170002896BB /* HTMBodyMassIndex.swift in Sources */,
				B1C69D79288DA9CE002896BB /* HTMath.docc in Sources */,
				B1C69DAB288DF15E002896BB /* HTMBMIStage.swift in Sources */,
				B1C69D8F288DB8D1002896BB /* HTMBasalMetabilicRateModel.swift in Sources */,
			);
			runOnlyForDeploymentPostprocessing = 0;
		};
		B1C69D7A288DA9CF002896BB /* Sources */ = {
			isa = PBXSourcesBuildPhase;
			buildActionMask = 2147483647;
			files = (
				B1C69D95288DC066002896BB /* HTMDailySpendTests.swift in Sources */,
				B1C69D84288DA9CF002896BB /* HTMBasalMetabilicRateTests.swift in Sources */,
				B1C69DA9288DE149002896BB /* HTMBodyMassIndexTests.swift in Sources */,
				B1C69DA7288DCDB6002896BB /* HTMBasalMetabilicRateStub.swift in Sources */,
				B1C69DA5288DCD9D002896BB /* HTMBasalMetabilicRateSpy.swift in Sources */,
			);
			runOnlyForDeploymentPostprocessing = 0;
		};
/* End PBXSourcesBuildPhase section */

/* Begin PBXTargetDependency section */
		B1C69D81288DA9CF002896BB /* PBXTargetDependency */ = {
			isa = PBXTargetDependency;
			target = B1C69D74288DA9CE002896BB /* HTMath */;
			targetProxy = B1C69D80288DA9CF002896BB /* PBXContainerItemProxy */;
		};
/* End PBXTargetDependency section */

/* Begin XCBuildConfiguration section */
		B1C69D4B288D8DCF002896BB /* Debug */ = {
			isa = XCBuildConfiguration;
			buildSettings = {
				ALWAYS_SEARCH_USER_PATHS = NO;
				CLANG_ANALYZER_NONNULL = YES;
				CLANG_ANALYZER_NUMBER_OBJECT_CONVERSION = YES_AGGRESSIVE;
				CLANG_CXX_LANGUAGE_STANDARD = "gnu++17";
				CLANG_ENABLE_MODULES = YES;
				CLANG_ENABLE_OBJC_ARC = YES;
				CLANG_ENABLE_OBJC_WEAK = YES;
				CLANG_WARN_BLOCK_CAPTURE_AUTORELEASING = YES;
				CLANG_WARN_BOOL_CONVERSION = YES;
				CLANG_WARN_COMMA = YES;
				CLANG_WARN_CONSTANT_CONVERSION = YES;
				CLANG_WARN_DEPRECATED_OBJC_IMPLEMENTATIONS = YES;
				CLANG_WARN_DIRECT_OBJC_ISA_USAGE = YES_ERROR;
				CLANG_WARN_DOCUMENTATION_COMMENTS = YES;
				CLANG_WARN_EMPTY_BODY = YES;
				CLANG_WARN_ENUM_CONVERSION = YES;
				CLANG_WARN_INFINITE_RECURSION = YES;
				CLANG_WARN_INT_CONVERSION = YES;
				CLANG_WARN_NON_LITERAL_NULL_CONVERSION = YES;
				CLANG_WARN_OBJC_IMPLICIT_RETAIN_SELF = YES;
				CLANG_WARN_OBJC_LITERAL_CONVERSION = YES;
				CLANG_WARN_OBJC_ROOT_CLASS = YES_ERROR;
				CLANG_WARN_QUOTED_INCLUDE_IN_FRAMEWORK_HEADER = YES;
				CLANG_WARN_RANGE_LOOP_ANALYSIS = YES;
				CLANG_WARN_STRICT_PROTOTYPES = YES;
				CLANG_WARN_SUSPICIOUS_MOVE = YES;
				CLANG_WARN_UNGUARDED_AVAILABILITY = YES_AGGRESSIVE;
				CLANG_WARN_UNREACHABLE_CODE = YES;
				CLANG_WARN__DUPLICATE_METHOD_MATCH = YES;
				COPY_PHASE_STRIP = NO;
				DEBUG_INFORMATION_FORMAT = dwarf;
				ENABLE_STRICT_OBJC_MSGSEND = YES;
				ENABLE_TESTABILITY = YES;
				GCC_C_LANGUAGE_STANDARD = gnu11;
				GCC_DYNAMIC_NO_PIC = NO;
				GCC_NO_COMMON_BLOCKS = YES;
				GCC_OPTIMIZATION_LEVEL = 0;
				GCC_PREPROCESSOR_DEFINITIONS = (
					"DEBUG=1",
					"$(inherited)",
				);
				GCC_WARN_64_TO_32_BIT_CONVERSION = YES;
				GCC_WARN_ABOUT_RETURN_TYPE = YES_ERROR;
				GCC_WARN_UNDECLARED_SELECTOR = YES;
				GCC_WARN_UNINITIALIZED_AUTOS = YES_AGGRESSIVE;
				GCC_WARN_UNUSED_FUNCTION = YES;
				GCC_WARN_UNUSED_VARIABLE = YES;
				MACOSX_DEPLOYMENT_TARGET = 12.3;
				MTL_ENABLE_DEBUG_INFO = INCLUDE_SOURCE;
				MTL_FAST_MATH = YES;
				ONLY_ACTIVE_ARCH = YES;
				SDKROOT = macosx;
				SWIFT_ACTIVE_COMPILATION_CONDITIONS = DEBUG;
				SWIFT_OPTIMIZATION_LEVEL = "-Onone";
			};
			name = Debug;
		};
		B1C69D4C288D8DCF002896BB /* Release */ = {
			isa = XCBuildConfiguration;
			buildSettings = {
				ALWAYS_SEARCH_USER_PATHS = NO;
				CLANG_ANALYZER_NONNULL = YES;
				CLANG_ANALYZER_NUMBER_OBJECT_CONVERSION = YES_AGGRESSIVE;
				CLANG_CXX_LANGUAGE_STANDARD = "gnu++17";
				CLANG_ENABLE_MODULES = YES;
				CLANG_ENABLE_OBJC_ARC = YES;
				CLANG_ENABLE_OBJC_WEAK = YES;
				CLANG_WARN_BLOCK_CAPTURE_AUTORELEASING = YES;
				CLANG_WARN_BOOL_CONVERSION = YES;
				CLANG_WARN_COMMA = YES;
				CLANG_WARN_CONSTANT_CONVERSION = YES;
				CLANG_WARN_DEPRECATED_OBJC_IMPLEMENTATIONS = YES;
				CLANG_WARN_DIRECT_OBJC_ISA_USAGE = YES_ERROR;
				CLANG_WARN_DOCUMENTATION_COMMENTS = YES;
				CLANG_WARN_EMPTY_BODY = YES;
				CLANG_WARN_ENUM_CONVERSION = YES;
				CLANG_WARN_INFINITE_RECURSION = YES;
				CLANG_WARN_INT_CONVERSION = YES;
				CLANG_WARN_NON_LITERAL_NULL_CONVERSION = YES;
				CLANG_WARN_OBJC_IMPLICIT_RETAIN_SELF = YES;
				CLANG_WARN_OBJC_LITERAL_CONVERSION = YES;
				CLANG_WARN_OBJC_ROOT_CLASS = YES_ERROR;
				CLANG_WARN_QUOTED_INCLUDE_IN_FRAMEWORK_HEADER = YES;
				CLANG_WARN_RANGE_LOOP_ANALYSIS = YES;
				CLANG_WARN_STRICT_PROTOTYPES = YES;
				CLANG_WARN_SUSPICIOUS_MOVE = YES;
				CLANG_WARN_UNGUARDED_AVAILABILITY = YES_AGGRESSIVE;
				CLANG_WARN_UNREACHABLE_CODE = YES;
				CLANG_WARN__DUPLICATE_METHOD_MATCH = YES;
				COPY_PHASE_STRIP = NO;
				DEBUG_INFORMATION_FORMAT = "dwarf-with-dsym";
				ENABLE_NS_ASSERTIONS = NO;
				ENABLE_STRICT_OBJC_MSGSEND = YES;
				GCC_C_LANGUAGE_STANDARD = gnu11;
				GCC_NO_COMMON_BLOCKS = YES;
				GCC_WARN_64_TO_32_BIT_CONVERSION = YES;
				GCC_WARN_ABOUT_RETURN_TYPE = YES_ERROR;
				GCC_WARN_UNDECLARED_SELECTOR = YES;
				GCC_WARN_UNINITIALIZED_AUTOS = YES_AGGRESSIVE;
				GCC_WARN_UNUSED_FUNCTION = YES;
				GCC_WARN_UNUSED_VARIABLE = YES;
				MACOSX_DEPLOYMENT_TARGET = 12.3;
				MTL_ENABLE_DEBUG_INFO = NO;
				MTL_FAST_MATH = YES;
				SDKROOT = macosx;
				SWIFT_COMPILATION_MODE = wholemodule;
				SWIFT_OPTIMIZATION_LEVEL = "-O";
			};
			name = Release;
		};
		B1C69D87288DA9CF002896BB /* Debug */ = {
			isa = XCBuildConfiguration;
			buildSettings = {
				CODE_SIGN_STYLE = Automatic;
				COMBINE_HIDPI_IMAGES = YES;
				CURRENT_PROJECT_VERSION = 1;
				DEFINES_MODULE = YES;
				DEVELOPMENT_TEAM = Y487CY958A;
				DYLIB_COMPATIBILITY_VERSION = 1;
				DYLIB_CURRENT_VERSION = 1;
				DYLIB_INSTALL_NAME_BASE = "@rpath";
				GENERATE_INFOPLIST_FILE = YES;
				INFOPLIST_KEY_NSHumanReadableCopyright = "";
				INSTALL_PATH = "$(LOCAL_LIBRARY_DIR)/Frameworks";
				LD_RUNPATH_SEARCH_PATHS = (
					"$(inherited)",
					"@executable_path/../Frameworks",
					"@loader_path/Frameworks",
				);
				MARKETING_VERSION = 1.0;
				PRODUCT_BUNDLE_IDENTIFIER = PaoloProdossimoLopes.HTMath;
				PRODUCT_NAME = "$(TARGET_NAME:c99extidentifier)";
				SKIP_INSTALL = YES;
				SWIFT_EMIT_LOC_STRINGS = YES;
				SWIFT_VERSION = 5.0;
				VERSIONING_SYSTEM = "apple-generic";
				VERSION_INFO_PREFIX = "";
			};
			name = Debug;
		};
		B1C69D88288DA9CF002896BB /* Release */ = {
			isa = XCBuildConfiguration;
			buildSettings = {
				CODE_SIGN_STYLE = Automatic;
				COMBINE_HIDPI_IMAGES = YES;
				CURRENT_PROJECT_VERSION = 1;
				DEFINES_MODULE = YES;
				DEVELOPMENT_TEAM = Y487CY958A;
				DYLIB_COMPATIBILITY_VERSION = 1;
				DYLIB_CURRENT_VERSION = 1;
				DYLIB_INSTALL_NAME_BASE = "@rpath";
				GENERATE_INFOPLIST_FILE = YES;
				INFOPLIST_KEY_NSHumanReadableCopyright = "";
				INSTALL_PATH = "$(LOCAL_LIBRARY_DIR)/Frameworks";
				LD_RUNPATH_SEARCH_PATHS = (
					"$(inherited)",
					"@executable_path/../Frameworks",
					"@loader_path/Frameworks",
				);
				MARKETING_VERSION = 1.0;
				PRODUCT_BUNDLE_IDENTIFIER = PaoloProdossimoLopes.HTMath;
				PRODUCT_NAME = "$(TARGET_NAME:c99extidentifier)";
				SKIP_INSTALL = YES;
				SWIFT_EMIT_LOC_STRINGS = YES;
				SWIFT_VERSION = 5.0;
				VERSIONING_SYSTEM = "apple-generic";
				VERSION_INFO_PREFIX = "";
			};
			name = Release;
		};
		B1C69D8A288DA9CF002896BB /* Debug */ = {
			isa = XCBuildConfiguration;
			buildSettings = {
				ALWAYS_EMBED_SWIFT_STANDARD_LIBRARIES = YES;
				CODE_SIGN_STYLE = Automatic;
				CURRENT_PROJECT_VERSION = 1;
				DEVELOPMENT_TEAM = Y487CY958A;
				GENERATE_INFOPLIST_FILE = YES;
				MARKETING_VERSION = 1.0;
				PRODUCT_BUNDLE_IDENTIFIER = PaoloProdossimoLopes.HTMathTests;
				PRODUCT_NAME = "$(TARGET_NAME)";
				SWIFT_EMIT_LOC_STRINGS = NO;
				SWIFT_VERSION = 5.0;
			};
			name = Debug;
		};
		B1C69D8B288DA9CF002896BB /* Release */ = {
			isa = XCBuildConfiguration;
			buildSettings = {
				ALWAYS_EMBED_SWIFT_STANDARD_LIBRARIES = YES;
				CODE_SIGN_STYLE = Automatic;
				CURRENT_PROJECT_VERSION = 1;
				DEVELOPMENT_TEAM = Y487CY958A;
				GENERATE_INFOPLIST_FILE = YES;
				MARKETING_VERSION = 1.0;
				PRODUCT_BUNDLE_IDENTIFIER = PaoloProdossimoLopes.HTMathTests;
				PRODUCT_NAME = "$(TARGET_NAME)";
				SWIFT_EMIT_LOC_STRINGS = NO;
				SWIFT_VERSION = 5.0;
			};
			name = Release;
		};
/* End XCBuildConfiguration section */

/* Begin XCConfigurationList section */
		B1C69D39288D8DCC002896BB /* Build configuration list for PBXProject "health-tracker" */ = {
			isa = XCConfigurationList;
			buildConfigurations = (
				B1C69D4B288D8DCF002896BB /* Debug */,
				B1C69D4C288D8DCF002896BB /* Release */,
			);
			defaultConfigurationIsVisible = 0;
			defaultConfigurationName = Release;
		};
		B1C69D86288DA9CF002896BB /* Build configuration list for PBXNativeTarget "HTMath" */ = {
			isa = XCConfigurationList;
			buildConfigurations = (
				B1C69D87288DA9CF002896BB /* Debug */,
				B1C69D88288DA9CF002896BB /* Release */,
			);
			defaultConfigurationIsVisible = 0;
			defaultConfigurationName = Release;
		};
		B1C69D89288DA9CF002896BB /* Build configuration list for PBXNativeTarget "HTMathTests" */ = {
			isa = XCConfigurationList;
			buildConfigurations = (
				B1C69D8A288DA9CF002896BB /* Debug */,
				B1C69D8B288DA9CF002896BB /* Release */,
			);
			defaultConfigurationIsVisible = 0;
			defaultConfigurationName = Release;
		};
/* End XCConfigurationList section */
	};
	rootObject = B1C69D36288D8DCC002896BB /* Project object */;
}
